// !$*UTF8*$!
{
	archiveVersion = 1;
	classes = {
	};
	objectVersion = 48;
	objects = {

/* Begin PBXBuildFile section */
		E1CDF7B420BD9FA100213321 /* AppDelegate.swift in Sources */ = {isa = PBXBuildFile; fileRef = E1CDF7B320BD9FA100213321 /* AppDelegate.swift */; };
		E1CDF7B620BD9FA100213321 /* ViewController.swift in Sources */ = {isa = PBXBuildFile; fileRef = E1CDF7B520BD9FA100213321 /* ViewController.swift */; };
		E1CDF7B920BD9FA100213321 /* Main.storyboard in Resources */ = {isa = PBXBuildFile; fileRef = E1CDF7B720BD9FA100213321 /* Main.storyboard */; };
		E1CDF7BB20BD9FA100213321 /* Assets.xcassets in Resources */ = {isa = PBXBuildFile; fileRef = E1CDF7BA20BD9FA100213321 /* Assets.xcassets */; };
		E1CDF7BE20BD9FA100213321 /* LaunchScreen.storyboard in Resources */ = {isa = PBXBuildFile; fileRef = E1CDF7BC20BD9FA100213321 /* LaunchScreen.storyboard */; };
		E1CDF7C920BD9FA200213321 /* Sample_ChildViewControllerTests.swift in Sources */ = {isa = PBXBuildFile; fileRef = E1CDF7C820BD9FA200213321 /* Sample_ChildViewControllerTests.swift */; };
		E1CDF7D620BDA54400213321 /* FirstViewController.swift in Sources */ = {isa = PBXBuildFile; fileRef = E1CDF7D520BDA54400213321 /* FirstViewController.swift */; };
		E1CDF7D920BDA61D00213321 /* First.storyboard in Resources */ = {isa = PBXBuildFile; fileRef = E1CDF7D720BDA61D00213321 /* First.storyboard */; };
		E1CDF7DB20BDA80D00213321 /* Identifiable.swift in Sources */ = {isa = PBXBuildFile; fileRef = E1CDF7DA20BDA80D00213321 /* Identifiable.swift */; };
		E1CDF7DD20BDADF400213321 /* LoadingViewController.swift in Sources */ = {isa = PBXBuildFile; fileRef = E1CDF7DC20BDADF400213321 /* LoadingViewController.swift */; };
		E1CDF7DF20BDAEEE00213321 /* UIViewControllerExtension.swift in Sources */ = {isa = PBXBuildFile; fileRef = E1CDF7DE20BDAEEE00213321 /* UIViewControllerExtension.swift */; };
		E1CDF7E120BDB5FE00213321 /* ErrorViewController.swift in Sources */ = {isa = PBXBuildFile; fileRef = E1CDF7E020BDB5FE00213321 /* ErrorViewController.swift */; };
		E1CDF7E320C03CD100213321 /* Error.storyboard in Resources */ = {isa = PBXBuildFile; fileRef = E1CDF7E220C03CD100213321 /* Error.storyboard */; };
/* End PBXBuildFile section */

/* Begin PBXContainerItemProxy section */
		E1CDF7C520BD9FA200213321 /* PBXContainerItemProxy */ = {
			isa = PBXContainerItemProxy;
			containerPortal = E1CDF7A820BD9FA100213321 /* Project object */;
			proxyType = 1;
			remoteGlobalIDString = E1CDF7AF20BD9FA100213321;
			remoteInfo = "Sample-ChildViewController";
		};
/* End PBXContainerItemProxy section */

/* Begin PBXFileReference section */
		E1CDF7B020BD9FA100213321 /* Sample-ChildViewController.app */ = {isa = PBXFileReference; explicitFileType = wrapper.application; includeInIndex = 0; path = "Sample-ChildViewController.app"; sourceTree = BUILT_PRODUCTS_DIR; };
		E1CDF7B320BD9FA100213321 /* AppDelegate.swift */ = {isa = PBXFileReference; lastKnownFileType = sourcecode.swift; path = AppDelegate.swift; sourceTree = "<group>"; };
		E1CDF7B520BD9FA100213321 /* ViewController.swift */ = {isa = PBXFileReference; lastKnownFileType = sourcecode.swift; path = ViewController.swift; sourceTree = "<group>"; };
		E1CDF7B820BD9FA100213321 /* Base */ = {isa = PBXFileReference; lastKnownFileType = file.storyboard; name = Base; path = Base.lproj/Main.storyboard; sourceTree = "<group>"; };
		E1CDF7BA20BD9FA100213321 /* Assets.xcassets */ = {isa = PBXFileReference; lastKnownFileType = folder.assetcatalog; path = Assets.xcassets; sourceTree = "<group>"; };
		E1CDF7BD20BD9FA100213321 /* Base */ = {isa = PBXFileReference; lastKnownFileType = file.storyboard; name = Base; path = Base.lproj/LaunchScreen.storyboard; sourceTree = "<group>"; };
		E1CDF7BF20BD9FA100213321 /* Info.plist */ = {isa = PBXFileReference; lastKnownFileType = text.plist.xml; path = Info.plist; sourceTree = "<group>"; };
		E1CDF7C420BD9FA200213321 /* Sample-ChildViewControllerTests.xctest */ = {isa = PBXFileReference; explicitFileType = wrapper.cfbundle; includeInIndex = 0; path = "Sample-ChildViewControllerTests.xctest"; sourceTree = BUILT_PRODUCTS_DIR; };
		E1CDF7C820BD9FA200213321 /* Sample_ChildViewControllerTests.swift */ = {isa = PBXFileReference; lastKnownFileType = sourcecode.swift; path = Sample_ChildViewControllerTests.swift; sourceTree = "<group>"; };
		E1CDF7CA20BD9FA200213321 /* Info.plist */ = {isa = PBXFileReference; lastKnownFileType = text.plist.xml; path = Info.plist; sourceTree = "<group>"; };
		E1CDF7D520BDA54400213321 /* FirstViewController.swift */ = {isa = PBXFileReference; lastKnownFileType = sourcecode.swift; path = FirstViewController.swift; sourceTree = "<group>"; };
		E1CDF7D820BDA61D00213321 /* Base */ = {isa = PBXFileReference; lastKnownFileType = file.storyboard; name = Base; path = Base.lproj/First.storyboard; sourceTree = "<group>"; };
		E1CDF7DA20BDA80D00213321 /* Identifiable.swift */ = {isa = PBXFileReference; lastKnownFileType = sourcecode.swift; path = Identifiable.swift; sourceTree = "<group>"; };
		E1CDF7DC20BDADF400213321 /* LoadingViewController.swift */ = {isa = PBXFileReference; lastKnownFileType = sourcecode.swift; path = LoadingViewController.swift; sourceTree = "<group>"; };
		E1CDF7DE20BDAEEE00213321 /* UIViewControllerExtension.swift */ = {isa = PBXFileReference; lastKnownFileType = sourcecode.swift; path = UIViewControllerExtension.swift; sourceTree = "<group>"; };
		E1CDF7E020BDB5FE00213321 /* ErrorViewController.swift */ = {isa = PBXFileReference; lastKnownFileType = sourcecode.swift; path = ErrorViewController.swift; sourceTree = "<group>"; };
		E1CDF7E220C03CD100213321 /* Error.storyboard */ = {isa = PBXFileReference; lastKnownFileType = file.storyboard; path = Error.storyboard; sourceTree = "<group>"; };
/* End PBXFileReference section */

/* Begin PBXFrameworksBuildPhase section */
		E1CDF7AD20BD9FA100213321 /* Frameworks */ = {
			isa = PBXFrameworksBuildPhase;
			buildActionMask = 2147483647;
			files = (
			);
			runOnlyForDeploymentPostprocessing = 0;
		};
		E1CDF7C120BD9FA200213321 /* Frameworks */ = {
			isa = PBXFrameworksBuildPhase;
			buildActionMask = 2147483647;
			files = (
			);
			runOnlyForDeploymentPostprocessing = 0;
		};
/* End PBXFrameworksBuildPhase section */

/* Begin PBXGroup section */
		E1CDF7A720BD9FA100213321 = {
			isa = PBXGroup;
			children = (
				E1CDF7B220BD9FA100213321 /* Sample-ChildViewController */,
				E1CDF7C720BD9FA200213321 /* Sample-ChildViewControllerTests */,
				E1CDF7B120BD9FA100213321 /* Products */,
			);
			sourceTree = "<group>";
		};
		E1CDF7B120BD9FA100213321 /* Products */ = {
			isa = PBXGroup;
			children = (
				E1CDF7B020BD9FA100213321 /* Sample-ChildViewController.app */,
				E1CDF7C420BD9FA200213321 /* Sample-ChildViewControllerTests.xctest */,
			);
			name = Products;
			sourceTree = "<group>";
		};
		E1CDF7B220BD9FA100213321 /* Sample-ChildViewController */ = {
			isa = PBXGroup;
			children = (
				E1CDF7B320BD9FA100213321 /* AppDelegate.swift */,
				E1CDF7B520BD9FA100213321 /* ViewController.swift */,
				E1CDF7D520BDA54400213321 /* FirstViewController.swift */,
				E1CDF7B720BD9FA100213321 /* Main.storyboard */,
				E1CDF7BA20BD9FA100213321 /* Assets.xcassets */,
				E1CDF7BC20BD9FA100213321 /* LaunchScreen.storyboard */,
				E1CDF7BF20BD9FA100213321 /* Info.plist */,
				E1CDF7D720BDA61D00213321 /* First.storyboard */,
				E1CDF7DA20BDA80D00213321 /* Identifiable.swift */,
				E1CDF7DC20BDADF400213321 /* LoadingViewController.swift */,
				E1CDF7DE20BDAEEE00213321 /* UIViewControllerExtension.swift */,
				E1CDF7E020BDB5FE00213321 /* ErrorViewController.swift */,
				E1CDF7E220C03CD100213321 /* Error.storyboard */,
			);
			path = "Sample-ChildViewController";
			sourceTree = "<group>";
		};
		E1CDF7C720BD9FA200213321 /* Sample-ChildViewControllerTests */ = {
			isa = PBXGroup;
			children = (
				E1CDF7C820BD9FA200213321 /* Sample_ChildViewControllerTests.swift */,
				E1CDF7CA20BD9FA200213321 /* Info.plist */,
			);
			path = "Sample-ChildViewControllerTests";
			sourceTree = "<group>";
		};
/* End PBXGroup section */

/* Begin PBXNativeTarget section */
		E1CDF7AF20BD9FA100213321 /* Sample-ChildViewController */ = {
			isa = PBXNativeTarget;
			buildConfigurationList = E1CDF7CD20BD9FA200213321 /* Build configuration list for PBXNativeTarget "Sample-ChildViewController" */;
			buildPhases = (
				E1CDF7AC20BD9FA100213321 /* Sources */,
				E1CDF7AD20BD9FA100213321 /* Frameworks */,
				E1CDF7AE20BD9FA100213321 /* Resources */,
			);
			buildRules = (
			);
			dependencies = (
			);
			name = "Sample-ChildViewController";
			productName = "Sample-ChildViewController";
			productReference = E1CDF7B020BD9FA100213321 /* Sample-ChildViewController.app */;
			productType = "com.apple.product-type.application";
		};
		E1CDF7C320BD9FA200213321 /* Sample-ChildViewControllerTests */ = {
			isa = PBXNativeTarget;
			buildConfigurationList = E1CDF7D020BD9FA200213321 /* Build configuration list for PBXNativeTarget "Sample-ChildViewControllerTests" */;
			buildPhases = (
				E1CDF7C020BD9FA200213321 /* Sources */,
				E1CDF7C120BD9FA200213321 /* Frameworks */,
				E1CDF7C220BD9FA200213321 /* Resources */,
			);
			buildRules = (
			);
			dependencies = (
				E1CDF7C620BD9FA200213321 /* PBXTargetDependency */,
			);
			name = "Sample-ChildViewControllerTests";
			productName = "Sample-ChildViewControllerTests";
			productReference = E1CDF7C420BD9FA200213321 /* Sample-ChildViewControllerTests.xctest */;
			productType = "com.apple.product-type.bundle.unit-test";
		};
/* End PBXNativeTarget section */

/* Begin PBXProject section */
		E1CDF7A820BD9FA100213321 /* Project object */ = {
			isa = PBXProject;
			attributes = {
				LastSwiftUpdateCheck = 0920;
				LastUpgradeCheck = 0920;
				ORGANIZATIONNAME = Takumi;
				TargetAttributes = {
					E1CDF7AF20BD9FA100213321 = {
						CreatedOnToolsVersion = 9.2;
						ProvisioningStyle = Automatic;
					};
					E1CDF7C320BD9FA200213321 = {
						CreatedOnToolsVersion = 9.2;
						ProvisioningStyle = Automatic;
						TestTargetID = E1CDF7AF20BD9FA100213321;
					};
				};
			};
			buildConfigurationList = E1CDF7AB20BD9FA100213321 /* Build configuration list for PBXProject "Sample-ChildViewController" */;
			compatibilityVersion = "Xcode 8.0";
			developmentRegion = en;
			hasScannedForEncodings = 0;
			knownRegions = (
				en,
				Base,
			);
			mainGroup = E1CDF7A720BD9FA100213321;
			productRefGroup = E1CDF7B120BD9FA100213321 /* Products */;
			projectDirPath = "";
			projectRoot = "";
			targets = (
				E1CDF7AF20BD9FA100213321 /* Sample-ChildViewController */,
				E1CDF7C320BD9FA200213321 /* Sample-ChildViewControllerTests */,
			);
		};
/* End PBXProject section */

/* Begin PBXResourcesBuildPhase section */
		E1CDF7AE20BD9FA100213321 /* Resources */ = {
			isa = PBXResourcesBuildPhase;
			buildActionMask = 2147483647;
			files = (
				E1CDF7BE20BD9FA100213321 /* LaunchScreen.storyboard in Resources */,
				E1CDF7BB20BD9FA100213321 /* Assets.xcassets in Resources */,
				E1CDF7B920BD9FA100213321 /* Main.storyboard in Resources */,
				E1CDF7E320C03CD100213321 /* Error.storyboard in Resources */,
				E1CDF7D920BDA61D00213321 /* First.storyboard in Resources */,
			);
			runOnlyForDeploymentPostprocessing = 0;
		};
		E1CDF7C220BD9FA200213321 /* Resources */ = {
			isa = PBXResourcesBuildPhase;
			buildActionMask = 2147483647;
			files = (
			);
			runOnlyForDeploymentPostprocessing = 0;
		};
/* End PBXResourcesBuildPhase section */

/* Begin PBXSourcesBuildPhase section */
		E1CDF7AC20BD9FA100213321 /* Sources */ = {
			isa = PBXSourcesBuildPhase;
			buildActionMask = 2147483647;
			files = (
				E1CDF7E120BDB5FE00213321 /* ErrorViewController.swift in Sources */,
				E1CDF7D620BDA54400213321 /* FirstViewController.swift in Sources */,
				E1CDF7DB20BDA80D00213321 /* Identifiable.swift in Sources */,
				E1CDF7DF20BDAEEE00213321 /* UIViewControllerExtension.swift in Sources */,
				E1CDF7DD20BDADF400213321 /* LoadingViewController.swift in Sources */,
				E1CDF7B620BD9FA100213321 /* ViewController.swift in Sources */,
				E1CDF7B420BD9FA100213321 /* AppDelegate.swift in Sources */,
			);
			runOnlyForDeploymentPostprocessing = 0;
		};
		E1CDF7C020BD9FA200213321 /* Sources */ = {
			isa = PBXSourcesBuildPhase;
			buildActionMask = 2147483647;
			files = (
				E1CDF7C920BD9FA200213321 /* Sample_ChildViewControllerTests.swift in Sources */,
			);
			runOnlyForDeploymentPostprocessing = 0;
		};
/* End PBXSourcesBuildPhase section */

/* Begin PBXTargetDependency section */
		E1CDF7C620BD9FA200213321 /* PBXTargetDependency */ = {
			isa = PBXTargetDependency;
			target = E1CDF7AF20BD9FA100213321 /* Sample-ChildViewController */;
			targetProxy = E1CDF7C520BD9FA200213321 /* PBXContainerItemProxy */;
		};
/* End PBXTargetDependency section */

/* Begin PBXVariantGroup section */
		E1CDF7B720BD9FA100213321 /* Main.storyboard */ = {
			isa = PBXVariantGroup;
			children = (
				E1CDF7B820BD9FA100213321 /* Base */,
			);
			name = Main.storyboard;
			sourceTree = "<group>";
		};
		E1CDF7BC20BD9FA100213321 /* LaunchScreen.storyboard */ = {
			isa = PBXVariantGroup;
			children = (
				E1CDF7BD20BD9FA100213321 /* Base */,
			);
			name = LaunchScreen.storyboard;
			sourceTree = "<group>";
		};
		E1CDF7D720BDA61D00213321 /* First.storyboard */ = {
			isa = PBXVariantGroup;
			children = (
				E1CDF7D820BDA61D00213321 /* Base */,
			);
			name = First.storyboard;
			sourceTree = "<group>";
		};
/* End PBXVariantGroup section */

/* Begin XCBuildConfiguration section */
		E1CDF7CB20BD9FA200213321 /* Debug */ = {
			isa = XCBuildConfiguration;
			buildSettings = {
				ALWAYS_SEARCH_USER_PATHS = NO;
				CLANG_ANALYZER_NONNULL = YES;
				CLANG_ANALYZER_NUMBER_OBJECT_CONVERSION = YES_AGGRESSIVE;
				CLANG_CXX_LANGUAGE_STANDARD = "gnu++14";
				CLANG_CXX_LIBRARY = "libc++";
				CLANG_ENABLE_MODULES = YES;
				CLANG_ENABLE_OBJC_ARC = YES;
				CLANG_WARN_BLOCK_CAPTURE_AUTORELEASING = YES;
				CLANG_WARN_BOOL_CONVERSION = YES;
				CLANG_WARN_COMMA = YES;
				CLANG_WARN_CONSTANT_CONVERSION = YES;
				CLANG_WARN_DIRECT_OBJC_ISA_USAGE = YES_ERROR;
				CLANG_WARN_DOCUMENTATION_COMMENTS = YES;
				CLANG_WARN_EMPTY_BODY = YES;
				CLANG_WARN_ENUM_CONVERSION = YES;
				CLANG_WARN_INFINITE_RECURSION = YES;
				CLANG_WARN_INT_CONVERSION = YES;
				CLANG_WARN_NON_LITERAL_NULL_CONVERSION = YES;
				CLANG_WARN_OBJC_LITERAL_CONVERSION = YES;
				CLANG_WARN_OBJC_ROOT_CLASS = YES_ERROR;
				CLANG_WARN_RANGE_LOOP_ANALYSIS = YES;
				CLANG_WARN_STRICT_PROTOTYPES = YES;
				CLANG_WARN_SUSPICIOUS_MOVE = YES;
				CLANG_WARN_UNGUARDED_AVAILABILITY = YES_AGGRESSIVE;
				CLANG_WARN_UNREACHABLE_CODE = YES;
				CLANG_WARN__DUPLICATE_METHOD_MATCH = YES;
				CODE_SIGN_IDENTITY = "iPhone Developer";
				COPY_PHASE_STRIP = NO;
				DEBUG_INFORMATION_FORMAT = dwarf;
				ENABLE_STRICT_OBJC_MSGSEND = YES;
				ENABLE_TESTABILITY = YES;
				GCC_C_LANGUAGE_STANDARD = gnu11;
				GCC_DYNAMIC_NO_PIC = NO;
				GCC_NO_COMMON_BLOCKS = YES;
				GCC_OPTIMIZATION_LEVEL = 0;
				GCC_PREPROCESSOR_DEFINITIONS = (
					"DEBUG=1",
					"$(inherited)",
				);
				GCC_WARN_64_TO_32_BIT_CONVERSION = YES;
				GCC_WARN_ABOUT_RETURN_TYPE = YES_ERROR;
				GCC_WARN_UNDECLARED_SELECTOR = YES;
				GCC_WARN_UNINITIALIZED_AUTOS = YES_AGGRESSIVE;
				GCC_WARN_UNUSED_FUNCTION = YES;
				GCC_WARN_UNUSED_VARIABLE = YES;
				IPHONEOS_DEPLOYMENT_TARGET = 9.0;
				MTL_ENABLE_DEBUG_INFO = YES;
				ONLY_ACTIVE_ARCH = YES;
				SDKROOT = iphoneos;
				SWIFT_ACTIVE_COMPILATION_CONDITIONS = DEBUG;
				SWIFT_OPTIMIZATION_LEVEL = "-Onone";
			};
			name = Debug;
		};
		E1CDF7CC20BD9FA200213321 /* Release */ = {
			isa = XCBuildConfiguration;
			buildSettings = {
				ALWAYS_SEARCH_USER_PATHS = NO;
				CLANG_ANALYZER_NONNULL = YES;
				CLANG_ANALYZER_NUMBER_OBJECT_CONVERSION = YES_AGGRESSIVE;
				CLANG_CXX_LANGUAGE_STANDARD = "gnu++14";
				CLANG_CXX_LIBRARY = "libc++";
				CLANG_ENABLE_MODULES = YES;
				CLANG_ENABLE_OBJC_ARC = YES;
				CLANG_WARN_BLOCK_CAPTURE_AUTORELEASING = YES;
				CLANG_WARN_BOOL_CONVERSION = YES;
				CLANG_WARN_COMMA = YES;
				CLANG_WARN_CONSTANT_CONVERSION = YES;
				CLANG_WARN_DIRECT_OBJC_ISA_USAGE = YES_ERROR;
				CLANG_WARN_DOCUMENTATION_COMMENTS = YES;
				CLANG_WARN_EMPTY_BODY = YES;
				CLANG_WARN_ENUM_CONVERSION = YES;
				CLANG_WARN_INFINITE_RECURSION = YES;
				CLANG_WARN_INT_CONVERSION = YES;
				CLANG_WARN_NON_LITERAL_NULL_CONVERSION = YES;
				CLANG_WARN_OBJC_LITERAL_CONVERSION = YES;
				CLANG_WARN_OBJC_ROOT_CLASS = YES_ERROR;
				CLANG_WARN_RANGE_LOOP_ANALYSIS = YES;
				CLANG_WARN_STRICT_PROTOTYPES = YES;
				CLANG_WARN_SUSPICIOUS_MOVE = YES;
				CLANG_WARN_UNGUARDED_AVAILABILITY = YES_AGGRESSIVE;
				CLANG_WARN_UNREACHABLE_CODE = YES;
				CLANG_WARN__DUPLICATE_METHOD_MATCH = YES;
				CODE_SIGN_IDENTITY = "iPhone Developer";
				COPY_PHASE_STRIP = NO;
				DEBUG_INFORMATION_FORMAT = "dwarf-with-dsym";
				ENABLE_NS_ASSERTIONS = NO;
				ENABLE_STRICT_OBJC_MSGSEND = YES;
				GCC_C_LANGUAGE_STANDARD = gnu11;
				GCC_NO_COMMON_BLOCKS = YES;
				GCC_WARN_64_TO_32_BIT_CONVERSION = YES;
				GCC_WARN_ABOUT_RETURN_TYPE = YES_ERROR;
				GCC_WARN_UNDECLARED_SELECTOR = YES;
				GCC_WARN_UNINITIALIZED_AUTOS = YES_AGGRESSIVE;
				GCC_WARN_UNUSED_FUNCTION = YES;
				GCC_WARN_UNUSED_VARIABLE = YES;
				IPHONEOS_DEPLOYMENT_TARGET = 9.0;
				MTL_ENABLE_DEBUG_INFO = NO;
				SDKROOT = iphoneos;
				SWIFT_OPTIMIZATION_LEVEL = "-Owholemodule";
				VALIDATE_PRODUCT = YES;
			};
			name = Release;
		};
		E1CDF7CE20BD9FA200213321 /* Debug */ = {
			isa = XCBuildConfiguration;
			buildSettings = {
				ASSETCATALOG_COMPILER_APPICON_NAME = AppIcon;
				CODE_SIGN_STYLE = Automatic;
				DEVELOPMENT_TEAM = 9D8UR7H9D4;
				INFOPLIST_FILE = "Sample-ChildViewController/Info.plist";
				IPHONEOS_DEPLOYMENT_TARGET = 9.0;
				LD_RUNPATH_SEARCH_PATHS = "$(inherited) @executable_path/Frameworks";
				PRODUCT_BUNDLE_IDENTIFIER = "jp.takumi.Sample-ChildViewController";
				PRODUCT_NAME = "$(TARGET_NAME)";
				SWIFT_VERSION = 4.0;
				TARGETED_DEVICE_FAMILY = "1,2";
			};
			name = Debug;
		};
		E1CDF7CF20BD9FA200213321 /* Release */ = {
			isa = XCBuildConfiguration;
			buildSettings = {
				ASSETCATALOG_COMPILER_APPICON_NAME = AppIcon;
				CODE_SIGN_STYLE = Automatic;
				DEVELOPMENT_TEAM = 9D8UR7H9D4;
				INFOPLIST_FILE = "Sample-ChildViewController/Info.plist";
				IPHONEOS_DEPLOYMENT_TARGET = 9.0;
				LD_RUNPATH_SEARCH_PATHS = "$(inherited) @executable_path/Frameworks";
				PRODUCT_BUNDLE_IDENTIFIER = "jp.takumi.Sample-ChildViewController";
				PRODUCT_NAME = "$(TARGET_NAME)";
				SWIFT_VERSION = 4.0;
				TARGETED_DEVICE_FAMILY = "1,2";
			};
			name = Release;
		};
		E1CDF7D120BD9FA200213321 /* Debug */ = {
			isa = XCBuildConfiguration;
			buildSettings = {
				ALWAYS_EMBED_SWIFT_STANDARD_LIBRARIES = YES;
				BUNDLE_LOADER = "$(TEST_HOST)";
				CODE_SIGN_STYLE = Automatic;
				DEVELOPMENT_TEAM = 9D8UR7H9D4;
				INFOPLIST_FILE = "Sample-ChildViewControllerTests/Info.plist";
				LD_RUNPATH_SEARCH_PATHS = "$(inherited) @executable_path/Frameworks @loader_path/Frameworks";
				PRODUCT_BUNDLE_IDENTIFIER = "jp.takumi.Sample-ChildViewControllerTests";
				PRODUCT_NAME = "$(TARGET_NAME)";
				SWIFT_VERSION = 4.0;
				TARGETED_DEVICE_FAMILY = "1,2";
				TEST_HOST = "$(BUILT_PRODUCTS_DIR)/Sample-ChildViewController.app/Sample-ChildViewController";
			};
			name = Debug;
		};
		E1CDF7D220BD9FA200213321 /* Release */ = {
			isa = XCBuildConfiguration;
			buildSettings = {
				ALWAYS_EMBED_SWIFT_STANDARD_LIBRARIES = YES;
				BUNDLE_LOADER = "$(TEST_HOST)";
				CODE_SIGN_STYLE = Automatic;
				DEVELOPMENT_TEAM = 9D8UR7H9D4;
				INFOPLIST_FILE = "Sample-ChildViewControllerTests/Info.plist";
				LD_RUNPATH_SEARCH_PATHS = "$(inherited) @executable_path/Frameworks @loader_path/Frameworks";
				PRODUCT_BUNDLE_IDENTIFIER = "jp.takumi.Sample-ChildViewControllerTests";
				PRODUCT_NAME = "$(TARGET_NAME)";
				SWIFT_VERSION = 4.0;
				TARGETED_DEVICE_FAMILY = "1,2";
				TEST_HOST = "$(BUILT_PRODUCTS_DIR)/Sample-ChildViewController.app/Sample-ChildViewController";
			};
			name = Release;
		};
/* End XCBuildConfiguration section */

/* Begin XCConfigurationList section */
		E1CDF7AB20BD9FA100213321 /* Build configuration list for PBXProject "Sample-ChildViewController" */ = {
			isa = XCConfigurationList;
			buildConfigurations = (
				E1CDF7CB20BD9FA200213321 /* Debug */,
				E1CDF7CC20BD9FA200213321 /* Release */,
			);
			defaultConfigurationIsVisible = 0;
			defaultConfigurationName = Release;
		};
		E1CDF7CD20BD9FA200213321 /* Build configuration list for PBXNativeTarget "Sample-ChildViewController" */ = {
			isa = XCConfigurationList;
			buildConfigurations = (
				E1CDF7CE20BD9FA200213321 /* Debug */,
				E1CDF7CF20BD9FA200213321 /* Release */,
			);
			defaultConfigurationIsVisible = 0;
			defaultConfigurationName = Release;
		};
		E1CDF7D020BD9FA200213321 /* Build configuration list for PBXNativeTarget "Sample-ChildViewControllerTests" */ = {
			isa = XCConfigurationList;
			buildConfigurations = (
				E1CDF7D120BD9FA200213321 /* Debug */,
				E1CDF7D220BD9FA200213321 /* Release */,
			);
			defaultConfigurationIsVisible = 0;
			defaultConfigurationName = Release;
		};
/* End XCConfigurationList section */
	};
	rootObject = E1CDF7A820BD9FA100213321 /* Project object */;
}
